// !$*UTF8*$!
{
	archiveVersion = 1;
	classes = {
	};
	objectVersion = 48;
	objects = {

/* Begin PBXBuildFile section */
		F781C7332024B0CA0009B0D4 /* DNWebSocket.h in Headers */ = {isa = PBXBuildFile; fileRef = F781C7322024B0CA0009B0D4 /* DNWebSocket.h */; settings = {ATTRIBUTES = (Public, ); }; };
		F781C7342024B0DF0009B0D4 /* DNWebSocket.h in Headers */ = {isa = PBXBuildFile; fileRef = F781C7322024B0CA0009B0D4 /* DNWebSocket.h */; settings = {ATTRIBUTES = (Public, ); }; };
		F781C7362024B0FE0009B0D4 /* WebSocket.swift in Sources */ = {isa = PBXBuildFile; fileRef = F781C7352024B0FE0009B0D4 /* WebSocket.swift */; };
		F781C7372024B1080009B0D4 /* WebSocket.swift in Sources */ = {isa = PBXBuildFile; fileRef = F781C7352024B0FE0009B0D4 /* WebSocket.swift */; };
		F781C73F2024B2670009B0D4 /* main.swift in Sources */ = {isa = PBXBuildFile; fileRef = F781C73E2024B2670009B0D4 /* main.swift */; };
		F781C7552024BC920009B0D4 /* CompressionStatus.swift in Sources */ = {isa = PBXBuildFile; fileRef = F781C7542024BC920009B0D4 /* CompressionStatus.swift */; };
		F781C7562024BC920009B0D4 /* CompressionStatus.swift in Sources */ = {isa = PBXBuildFile; fileRef = F781C7542024BC920009B0D4 /* CompressionStatus.swift */; };
		F781C7582024BEC90009B0D4 /* SizeRetrievable.swift in Sources */ = {isa = PBXBuildFile; fileRef = F781C7572024BEC90009B0D4 /* SizeRetrievable.swift */; };
		F781C7592024BEC90009B0D4 /* SizeRetrievable.swift in Sources */ = {isa = PBXBuildFile; fileRef = F781C7572024BEC90009B0D4 /* SizeRetrievable.swift */; };
		F781C75B2024C6490009B0D4 /* UnsafePointer+Extensions.swift in Sources */ = {isa = PBXBuildFile; fileRef = F781C75A2024C6490009B0D4 /* UnsafePointer+Extensions.swift */; };
		F781C75C2024C6490009B0D4 /* UnsafePointer+Extensions.swift in Sources */ = {isa = PBXBuildFile; fileRef = F781C75A2024C6490009B0D4 /* UnsafePointer+Extensions.swift */; };
		F7A65D7F20285F4900F190CB /* UnsafePointer+Extensions.swift in Sources */ = {isa = PBXBuildFile; fileRef = F781C75A2024C6490009B0D4 /* UnsafePointer+Extensions.swift */; };
		F7A65D8020285F4900F190CB /* SizeRetrievable.swift in Sources */ = {isa = PBXBuildFile; fileRef = F781C7572024BEC90009B0D4 /* SizeRetrievable.swift */; };
		F7A65D8120285F4900F190CB /* CompressionStatus.swift in Sources */ = {isa = PBXBuildFile; fileRef = F781C7542024BC920009B0D4 /* CompressionStatus.swift */; };
		F7A65D8320285F4900F190CB /* WebSocket.swift in Sources */ = {isa = PBXBuildFile; fileRef = F781C7352024B0FE0009B0D4 /* WebSocket.swift */; };
		F7A65D85202869B800F190CB /* Data+Compression.swift in Sources */ = {isa = PBXBuildFile; fileRef = F7A65D84202869B800F190CB /* Data+Compression.swift */; };
		F7A65D86202869B800F190CB /* Data+Compression.swift in Sources */ = {isa = PBXBuildFile; fileRef = F7A65D84202869B800F190CB /* Data+Compression.swift */; };
		F7A65D87202869B800F190CB /* Data+Compression.swift in Sources */ = {isa = PBXBuildFile; fileRef = F7A65D84202869B800F190CB /* Data+Compression.swift */; };
		F7A65D8920286B2000F190CB /* README.strings in Resources */ = {isa = PBXBuildFile; fileRef = F7A65D8820286B2000F190CB /* README.strings */; };
		F7A65D8A20286B2000F190CB /* README.strings in Resources */ = {isa = PBXBuildFile; fileRef = F7A65D8820286B2000F190CB /* README.strings */; };
		F7A65D8C2028837600F190CB /* Data+SHA1.swift in Sources */ = {isa = PBXBuildFile; fileRef = F7A65D8B2028837600F190CB /* Data+SHA1.swift */; };
		F7A65D8D2028837600F190CB /* Data+SHA1.swift in Sources */ = {isa = PBXBuildFile; fileRef = F7A65D8B2028837600F190CB /* Data+SHA1.swift */; };
		F7A65D8E2028837600F190CB /* Data+SHA1.swift in Sources */ = {isa = PBXBuildFile; fileRef = F7A65D8B2028837600F190CB /* Data+SHA1.swift */; };
		F7A65D902028850200F190CB /* String+Base64+SHA1.swift in Sources */ = {isa = PBXBuildFile; fileRef = F7A65D8F2028850200F190CB /* String+Base64+SHA1.swift */; };
		F7A65D912028850200F190CB /* String+Base64+SHA1.swift in Sources */ = {isa = PBXBuildFile; fileRef = F7A65D8F2028850200F190CB /* String+Base64+SHA1.swift */; };
		F7A65D922028850200F190CB /* String+Base64+SHA1.swift in Sources */ = {isa = PBXBuildFile; fileRef = F7A65D8F2028850200F190CB /* String+Base64+SHA1.swift */; };
		F7A65D942028868400F190CB /* Registry Models.swift in Sources */ = {isa = PBXBuildFile; fileRef = F7A65D932028868400F190CB /* Registry Models.swift */; };
		F7A65D952028868400F190CB /* Registry Models.swift in Sources */ = {isa = PBXBuildFile; fileRef = F7A65D932028868400F190CB /* Registry Models.swift */; };
		F7A65D962028868400F190CB /* Registry Models.swift in Sources */ = {isa = PBXBuildFile; fileRef = F7A65D932028868400F190CB /* Registry Models.swift */; };
		F7A65D9820288C7C00F190CB /* IOStream.swift in Sources */ = {isa = PBXBuildFile; fileRef = F7A65D9720288C7C00F190CB /* IOStream.swift */; };
		F7A65D9920288C7C00F190CB /* IOStream.swift in Sources */ = {isa = PBXBuildFile; fileRef = F7A65D9720288C7C00F190CB /* IOStream.swift */; };
		F7A65D9A20288C7C00F190CB /* IOStream.swift in Sources */ = {isa = PBXBuildFile; fileRef = F7A65D9720288C7C00F190CB /* IOStream.swift */; };
		F7A65D9C2028942000F190CB /* Result.swift in Sources */ = {isa = PBXBuildFile; fileRef = F7A65D9B2028942000F190CB /* Result.swift */; };
		F7A65D9D2028942000F190CB /* Result.swift in Sources */ = {isa = PBXBuildFile; fileRef = F7A65D9B2028942000F190CB /* Result.swift */; };
		F7A65D9E2028942000F190CB /* Result.swift in Sources */ = {isa = PBXBuildFile; fileRef = F7A65D9B2028942000F190CB /* Result.swift */; };
		F7A65DA020289EE400F190CB /* Data+Buffer.swift in Sources */ = {isa = PBXBuildFile; fileRef = F7A65D9F20289EE400F190CB /* Data+Buffer.swift */; };
		F7A65DA120289EE400F190CB /* Data+Buffer.swift in Sources */ = {isa = PBXBuildFile; fileRef = F7A65D9F20289EE400F190CB /* Data+Buffer.swift */; };
		F7A65DA220289EE400F190CB /* Data+Buffer.swift in Sources */ = {isa = PBXBuildFile; fileRef = F7A65D9F20289EE400F190CB /* Data+Buffer.swift */; };
		F7A65DA42028A9AC00F190CB /* Stream+SSLTrust.swift in Sources */ = {isa = PBXBuildFile; fileRef = F7A65DA32028A9AC00F190CB /* Stream+SSLTrust.swift */; };
		F7A65DA52028A9AC00F190CB /* Stream+SSLTrust.swift in Sources */ = {isa = PBXBuildFile; fileRef = F7A65DA32028A9AC00F190CB /* Stream+SSLTrust.swift */; };
		F7A65DA62028A9AC00F190CB /* Stream+SSLTrust.swift in Sources */ = {isa = PBXBuildFile; fileRef = F7A65DA32028A9AC00F190CB /* Stream+SSLTrust.swift */; };
		F7A65DA82028B17F00F190CB /* SSLCertificate.swift in Sources */ = {isa = PBXBuildFile; fileRef = F7A65DA72028B17F00F190CB /* SSLCertificate.swift */; };
		F7A65DA92028B17F00F190CB /* SSLCertificate.swift in Sources */ = {isa = PBXBuildFile; fileRef = F7A65DA72028B17F00F190CB /* SSLCertificate.swift */; };
		F7A65DAA2028B17F00F190CB /* SSLCertificate.swift in Sources */ = {isa = PBXBuildFile; fileRef = F7A65DA72028B17F00F190CB /* SSLCertificate.swift */; };
		F7A65DAC2028B83C00F190CB /* SSLSettings.swift in Sources */ = {isa = PBXBuildFile; fileRef = F7A65DAB2028B83C00F190CB /* SSLSettings.swift */; };
		F7A65DAD2028B83C00F190CB /* SSLSettings.swift in Sources */ = {isa = PBXBuildFile; fileRef = F7A65DAB2028B83C00F190CB /* SSLSettings.swift */; };
		F7A65DAE2028B83C00F190CB /* SSLSettings.swift in Sources */ = {isa = PBXBuildFile; fileRef = F7A65DAB2028B83C00F190CB /* SSLSettings.swift */; };
		F7A65DB02028BB3800F190CB /* SSLValidator.swift in Sources */ = {isa = PBXBuildFile; fileRef = F7A65DAF2028BB3800F190CB /* SSLValidator.swift */; };
		F7A65DB12028BB3800F190CB /* SSLValidator.swift in Sources */ = {isa = PBXBuildFile; fileRef = F7A65DAF2028BB3800F190CB /* SSLValidator.swift */; };
		F7A65DB22028BB3800F190CB /* SSLValidator.swift in Sources */ = {isa = PBXBuildFile; fileRef = F7A65DAF2028BB3800F190CB /* SSLValidator.swift */; };
		F7DB85132029B046009C3E0B /* Stream+SSLSettings.swift in Sources */ = {isa = PBXBuildFile; fileRef = F7DB85122029B046009C3E0B /* Stream+SSLSettings.swift */; };
		F7DB85142029B046009C3E0B /* Stream+SSLSettings.swift in Sources */ = {isa = PBXBuildFile; fileRef = F7DB85122029B046009C3E0B /* Stream+SSLSettings.swift */; };
		F7DB85152029B046009C3E0B /* Stream+SSLSettings.swift in Sources */ = {isa = PBXBuildFile; fileRef = F7DB85122029B046009C3E0B /* Stream+SSLSettings.swift */; };
		F7DB85172029B080009C3E0B /* SSLContextRetrievable.swift in Sources */ = {isa = PBXBuildFile; fileRef = F7DB85162029B080009C3E0B /* SSLContextRetrievable.swift */; };
		F7DB85182029B080009C3E0B /* SSLContextRetrievable.swift in Sources */ = {isa = PBXBuildFile; fileRef = F7DB85162029B080009C3E0B /* SSLContextRetrievable.swift */; };
		F7DB85192029B080009C3E0B /* SSLContextRetrievable.swift in Sources */ = {isa = PBXBuildFile; fileRef = F7DB85162029B080009C3E0B /* SSLContextRetrievable.swift */; };
/* End PBXBuildFile section */

/* Begin PBXCopyFilesBuildPhase section */
		F781C73A2024B2670009B0D4 /* CopyFiles */ = {
			isa = PBXCopyFilesBuildPhase;
			buildActionMask = 2147483647;
			dstPath = /usr/share/man/man1/;
			dstSubfolderSpec = 0;
			files = (
			);
			runOnlyForDeploymentPostprocessing = 1;
		};
/* End PBXCopyFilesBuildPhase section */

/* Begin PBXFileReference section */
		F781C7172024AF130009B0D4 /* DNWebSocket.framework */ = {isa = PBXFileReference; explicitFileType = wrapper.framework; includeInIndex = 0; path = DNWebSocket.framework; sourceTree = BUILT_PRODUCTS_DIR; };
		F781C7252024AF2D0009B0D4 /* DNWebSocket.framework */ = {isa = PBXFileReference; explicitFileType = wrapper.framework; includeInIndex = 0; path = DNWebSocket.framework; sourceTree = BUILT_PRODUCTS_DIR; };
		F781C72E2024AF9B0009B0D4 /* Info-iOS.plist */ = {isa = PBXFileReference; fileEncoding = 4; lastKnownFileType = text.plist.xml; path = "Info-iOS.plist"; sourceTree = "<group>"; };
		F781C72F2024AF9B0009B0D4 /* Info-macOS.plist */ = {isa = PBXFileReference; fileEncoding = 4; lastKnownFileType = text.plist.xml; path = "Info-macOS.plist"; sourceTree = "<group>"; };
		F781C7322024B0CA0009B0D4 /* DNWebSocket.h */ = {isa = PBXFileReference; fileEncoding = 4; lastKnownFileType = sourcecode.c.h; path = DNWebSocket.h; sourceTree = "<group>"; };
		F781C7352024B0FE0009B0D4 /* WebSocket.swift */ = {isa = PBXFileReference; lastKnownFileType = sourcecode.swift; path = WebSocket.swift; sourceTree = "<group>"; };
		F781C73C2024B2670009B0D4 /* Example */ = {isa = PBXFileReference; explicitFileType = "compiled.mach-o.executable"; includeInIndex = 0; path = Example; sourceTree = BUILT_PRODUCTS_DIR; };
		F781C73E2024B2670009B0D4 /* main.swift */ = {isa = PBXFileReference; lastKnownFileType = sourcecode.swift; path = main.swift; sourceTree = "<group>"; };
		F781C7542024BC920009B0D4 /* CompressionStatus.swift */ = {isa = PBXFileReference; lastKnownFileType = sourcecode.swift; path = CompressionStatus.swift; sourceTree = "<group>"; };
		F781C7572024BEC90009B0D4 /* SizeRetrievable.swift */ = {isa = PBXFileReference; lastKnownFileType = sourcecode.swift; path = SizeRetrievable.swift; sourceTree = "<group>"; };
		F781C75A2024C6490009B0D4 /* UnsafePointer+Extensions.swift */ = {isa = PBXFileReference; lastKnownFileType = sourcecode.swift; path = "UnsafePointer+Extensions.swift"; sourceTree = "<group>"; };
		F7A65D84202869B800F190CB /* Data+Compression.swift */ = {isa = PBXFileReference; lastKnownFileType = sourcecode.swift; path = "Data+Compression.swift"; sourceTree = "<group>"; };
		F7A65D8820286B2000F190CB /* README.strings */ = {isa = PBXFileReference; lastKnownFileType = text.plist.strings; path = README.strings; sourceTree = "<group>"; };
		F7A65D8B2028837600F190CB /* Data+SHA1.swift */ = {isa = PBXFileReference; lastKnownFileType = sourcecode.swift; path = "Data+SHA1.swift"; sourceTree = "<group>"; };
		F7A65D8F2028850200F190CB /* String+Base64+SHA1.swift */ = {isa = PBXFileReference; lastKnownFileType = sourcecode.swift; path = "String+Base64+SHA1.swift"; sourceTree = "<group>"; };
		F7A65D932028868400F190CB /* Registry Models.swift */ = {isa = PBXFileReference; lastKnownFileType = sourcecode.swift; path = "Registry Models.swift"; sourceTree = "<group>"; };
		F7A65D9720288C7C00F190CB /* IOStream.swift */ = {isa = PBXFileReference; lastKnownFileType = sourcecode.swift; path = IOStream.swift; sourceTree = "<group>"; };
		F7A65D9B2028942000F190CB /* Result.swift */ = {isa = PBXFileReference; lastKnownFileType = sourcecode.swift; path = Result.swift; sourceTree = "<group>"; };
		F7A65D9F20289EE400F190CB /* Data+Buffer.swift */ = {isa = PBXFileReference; lastKnownFileType = sourcecode.swift; path = "Data+Buffer.swift"; sourceTree = "<group>"; };
		F7A65DA32028A9AC00F190CB /* Stream+SSLTrust.swift */ = {isa = PBXFileReference; lastKnownFileType = sourcecode.swift; path = "Stream+SSLTrust.swift"; sourceTree = "<group>"; };
		F7A65DA72028B17F00F190CB /* SSLCertificate.swift */ = {isa = PBXFileReference; lastKnownFileType = sourcecode.swift; path = SSLCertificate.swift; sourceTree = "<group>"; };
		F7A65DAB2028B83C00F190CB /* SSLSettings.swift */ = {isa = PBXFileReference; lastKnownFileType = sourcecode.swift; path = SSLSettings.swift; sourceTree = "<group>"; };
		F7A65DAF2028BB3800F190CB /* SSLValidator.swift */ = {isa = PBXFileReference; lastKnownFileType = sourcecode.swift; path = SSLValidator.swift; sourceTree = "<group>"; };
		F7DB85122029B046009C3E0B /* Stream+SSLSettings.swift */ = {isa = PBXFileReference; lastKnownFileType = sourcecode.swift; path = "Stream+SSLSettings.swift"; sourceTree = "<group>"; };
		F7DB85162029B080009C3E0B /* SSLContextRetrievable.swift */ = {isa = PBXFileReference; lastKnownFileType = sourcecode.swift; path = SSLContextRetrievable.swift; sourceTree = "<group>"; };
/* End PBXFileReference section */

/* Begin PBXFrameworksBuildPhase section */
		F781C7132024AF130009B0D4 /* Frameworks */ = {
			isa = PBXFrameworksBuildPhase;
			buildActionMask = 2147483647;
			files = (
			);
			runOnlyForDeploymentPostprocessing = 0;
		};
		F781C7212024AF2D0009B0D4 /* Frameworks */ = {
			isa = PBXFrameworksBuildPhase;
			buildActionMask = 2147483647;
			files = (
			);
			runOnlyForDeploymentPostprocessing = 0;
		};
		F781C7392024B2670009B0D4 /* Frameworks */ = {
			isa = PBXFrameworksBuildPhase;
			buildActionMask = 2147483647;
			files = (
			);
			runOnlyForDeploymentPostprocessing = 0;
		};
/* End PBXFrameworksBuildPhase section */

/* Begin PBXGroup section */
		F781C70B2024AEED0009B0D4 = {
			isa = PBXGroup;
			children = (
				F781C72D2024AF5D0009B0D4 /* Sources */,
				F781C73D2024B2670009B0D4 /* Example */,
				F781C7182024AF130009B0D4 /* Products */,
				F781C76C202855250009B0D4 /* Frameworks */,
			);
			sourceTree = "<group>";
		};
		F781C7182024AF130009B0D4 /* Products */ = {
			isa = PBXGroup;
			children = (
				F781C7172024AF130009B0D4 /* DNWebSocket.framework */,
				F781C7252024AF2D0009B0D4 /* DNWebSocket.framework */,
				F781C73C2024B2670009B0D4 /* Example */,
			);
			name = Products;
			sourceTree = "<group>";
		};
		F781C72D2024AF5D0009B0D4 /* Sources */ = {
			isa = PBXGroup;
			children = (
				F7A65D8820286B2000F190CB /* README.strings */,
				F781C7462024B3E90009B0D4 /* Extensions */,
				F781C7452024B3E00009B0D4 /* Protocols */,
				F781C7442024B3AE0009B0D4 /* Сompression */,
				F781C7472024B4000009B0D4 /* Security */,
				F781C7432024B3A20009B0D4 /* WebSocket */,
				F781C7322024B0CA0009B0D4 /* DNWebSocket.h */,
				F781C72E2024AF9B0009B0D4 /* Info-iOS.plist */,
				F781C72F2024AF9B0009B0D4 /* Info-macOS.plist */,
			);
			path = Sources;
			sourceTree = "<group>";
		};
		F781C73D2024B2670009B0D4 /* Example */ = {
			isa = PBXGroup;
			children = (
				F781C73E2024B2670009B0D4 /* main.swift */,
			);
			path = Example;
			sourceTree = "<group>";
		};
		F781C7432024B3A20009B0D4 /* WebSocket */ = {
			isa = PBXGroup;
			children = (
				F7A65D9720288C7C00F190CB /* IOStream.swift */,
				F781C7352024B0FE0009B0D4 /* WebSocket.swift */,
				F7A65D932028868400F190CB /* Registry Models.swift */,
				F7A65D9B2028942000F190CB /* Result.swift */,
			);
			path = WebSocket;
			sourceTree = "<group>";
		};
		F781C7442024B3AE0009B0D4 /* Сompression */ = {
			isa = PBXGroup;
			children = (
				F781C7542024BC920009B0D4 /* CompressionStatus.swift */,
			);
			path = "Сompression";
			sourceTree = "<group>";
		};
		F781C7452024B3E00009B0D4 /* Protocols */ = {
			isa = PBXGroup;
			children = (
				F781C7572024BEC90009B0D4 /* SizeRetrievable.swift */,
				F7DB85162029B080009C3E0B /* SSLContextRetrievable.swift */,
			);
			path = Protocols;
			sourceTree = "<group>";
		};
		F781C7462024B3E90009B0D4 /* Extensions */ = {
			isa = PBXGroup;
			children = (
				F7A65D84202869B800F190CB /* Data+Compression.swift */,
				F7A65D8B2028837600F190CB /* Data+SHA1.swift */,
				F7A65D9F20289EE400F190CB /* Data+Buffer.swift */,
				F781C75A2024C6490009B0D4 /* UnsafePointer+Extensions.swift */,
				F7A65D8F2028850200F190CB /* String+Base64+SHA1.swift */,
				F7A65DA32028A9AC00F190CB /* Stream+SSLTrust.swift */,
				F7DB85122029B046009C3E0B /* Stream+SSLSettings.swift */,
			);
			path = Extensions;
			sourceTree = "<group>";
		};
		F781C7472024B4000009B0D4 /* Security */ = {
			isa = PBXGroup;
			children = (
				F7A65DA72028B17F00F190CB /* SSLCertificate.swift */,
				F7A65DAB2028B83C00F190CB /* SSLSettings.swift */,
				F7A65DAF2028BB3800F190CB /* SSLValidator.swift */,
			);
			path = Security;
			sourceTree = "<group>";
		};
		F781C76C202855250009B0D4 /* Frameworks */ = {
			isa = PBXGroup;
			children = (
			);
			name = Frameworks;
			sourceTree = "<group>";
		};
/* End PBXGroup section */

/* Begin PBXHeadersBuildPhase section */
		F781C7142024AF130009B0D4 /* Headers */ = {
			isa = PBXHeadersBuildPhase;
			buildActionMask = 2147483647;
			files = (
				F781C7332024B0CA0009B0D4 /* DNWebSocket.h in Headers */,
			);
			runOnlyForDeploymentPostprocessing = 0;
		};
		F781C7222024AF2D0009B0D4 /* Headers */ = {
			isa = PBXHeadersBuildPhase;
			buildActionMask = 2147483647;
			files = (
				F781C7342024B0DF0009B0D4 /* DNWebSocket.h in Headers */,
			);
			runOnlyForDeploymentPostprocessing = 0;
		};
/* End PBXHeadersBuildPhase section */

/* Begin PBXNativeTarget section */
		F781C7162024AF130009B0D4 /* DNWebSocket-iOS */ = {
			isa = PBXNativeTarget;
			buildConfigurationList = F781C71D2024AF130009B0D4 /* Build configuration list for PBXNativeTarget "DNWebSocket-iOS" */;
			buildPhases = (
				F781C7122024AF130009B0D4 /* Sources */,
				F781C7132024AF130009B0D4 /* Frameworks */,
				F781C7142024AF130009B0D4 /* Headers */,
				F781C7152024AF130009B0D4 /* Resources */,
			);
			buildRules = (
			);
			dependencies = (
			);
			name = "DNWebSocket-iOS";
			productName = "DNWebSocket-iOS";
			productReference = F781C7172024AF130009B0D4 /* DNWebSocket.framework */;
			productType = "com.apple.product-type.framework";
		};
		F781C7242024AF2D0009B0D4 /* DNWebSocket-macOS */ = {
			isa = PBXNativeTarget;
			buildConfigurationList = F781C72A2024AF2D0009B0D4 /* Build configuration list for PBXNativeTarget "DNWebSocket-macOS" */;
			buildPhases = (
				F781C7202024AF2D0009B0D4 /* Sources */,
				F781C7212024AF2D0009B0D4 /* Frameworks */,
				F781C7222024AF2D0009B0D4 /* Headers */,
				F781C7232024AF2D0009B0D4 /* Resources */,
			);
			buildRules = (
			);
			dependencies = (
			);
			name = "DNWebSocket-macOS";
			productName = "DNWebSocket-macOS";
			productReference = F781C7252024AF2D0009B0D4 /* DNWebSocket.framework */;
			productType = "com.apple.product-type.framework";
		};
		F781C73B2024B2670009B0D4 /* Example */ = {
			isa = PBXNativeTarget;
			buildConfigurationList = F781C7402024B2670009B0D4 /* Build configuration list for PBXNativeTarget "Example" */;
			buildPhases = (
				F781C7382024B2670009B0D4 /* Sources */,
				F781C7392024B2670009B0D4 /* Frameworks */,
				F781C73A2024B2670009B0D4 /* CopyFiles */,
			);
			buildRules = (
			);
			dependencies = (
			);
			name = Example;
			productName = Example;
			productReference = F781C73C2024B2670009B0D4 /* Example */;
			productType = "com.apple.product-type.tool";
		};
/* End PBXNativeTarget section */

/* Begin PBXProject section */
		F781C70C2024AEED0009B0D4 /* Project object */ = {
			isa = PBXProject;
			attributes = {
				LastSwiftUpdateCheck = 0920;
				LastUpgradeCheck = 0920;
				TargetAttributes = {
					F781C7162024AF130009B0D4 = {
						CreatedOnToolsVersion = 9.2;
						LastSwiftMigration = 0920;
						ProvisioningStyle = Automatic;
					};
					F781C7242024AF2D0009B0D4 = {
						CreatedOnToolsVersion = 9.2;
						ProvisioningStyle = Automatic;
					};
					F781C73B2024B2670009B0D4 = {
						CreatedOnToolsVersion = 9.2;
						ProvisioningStyle = Automatic;
					};
				};
			};
			buildConfigurationList = F781C70F2024AEED0009B0D4 /* Build configuration list for PBXProject "DNWebSocket" */;
			compatibilityVersion = "Xcode 8.0";
			developmentRegion = en;
			hasScannedForEncodings = 0;
			knownRegions = (
				en,
			);
			mainGroup = F781C70B2024AEED0009B0D4;
			productRefGroup = F781C7182024AF130009B0D4 /* Products */;
			projectDirPath = "";
			projectRoot = "";
			targets = (
				F781C7162024AF130009B0D4 /* DNWebSocket-iOS */,
				F781C7242024AF2D0009B0D4 /* DNWebSocket-macOS */,
				F781C73B2024B2670009B0D4 /* Example */,
			);
		};
/* End PBXProject section */

/* Begin PBXResourcesBuildPhase section */
		F781C7152024AF130009B0D4 /* Resources */ = {
			isa = PBXResourcesBuildPhase;
			buildActionMask = 2147483647;
			files = (
				F7A65D8920286B2000F190CB /* README.strings in Resources */,
			);
			runOnlyForDeploymentPostprocessing = 0;
		};
		F781C7232024AF2D0009B0D4 /* Resources */ = {
			isa = PBXResourcesBuildPhase;
			buildActionMask = 2147483647;
			files = (
				F7A65D8A20286B2000F190CB /* README.strings in Resources */,
			);
			runOnlyForDeploymentPostprocessing = 0;
		};
/* End PBXResourcesBuildPhase section */

/* Begin PBXSourcesBuildPhase section */
		F781C7122024AF130009B0D4 /* Sources */ = {
			isa = PBXSourcesBuildPhase;
			buildActionMask = 2147483647;
			files = (
				F781C7582024BEC90009B0D4 /* SizeRetrievable.swift in Sources */,
				F7A65DB02028BB3800F190CB /* SSLValidator.swift in Sources */,
				F781C75B2024C6490009B0D4 /* UnsafePointer+Extensions.swift in Sources */,
				F7A65DA020289EE400F190CB /* Data+Buffer.swift in Sources */,
				F7A65DAC2028B83C00F190CB /* SSLSettings.swift in Sources */,
				F7A65DA82028B17F00F190CB /* SSLCertificate.swift in Sources */,
				F781C7552024BC920009B0D4 /* CompressionStatus.swift in Sources */,
				F7A65D85202869B800F190CB /* Data+Compression.swift in Sources */,
				F7A65D9820288C7C00F190CB /* IOStream.swift in Sources */,
				F7A65D8C2028837600F190CB /* Data+SHA1.swift in Sources */,
				F7A65D9C2028942000F190CB /* Result.swift in Sources */,
				F7DB85172029B080009C3E0B /* SSLContextRetrievable.swift in Sources */,
				F7A65D942028868400F190CB /* Registry Models.swift in Sources */,
				F781C7362024B0FE0009B0D4 /* WebSocket.swift in Sources */,
				F7DB85132029B046009C3E0B /* Stream+SSLSettings.swift in Sources */,
				F7A65DA42028A9AC00F190CB /* Stream+SSLTrust.swift in Sources */,
				F7A65D902028850200F190CB /* String+Base64+SHA1.swift in Sources */,
			);
			runOnlyForDeploymentPostprocessing = 0;
		};
		F781C7202024AF2D0009B0D4 /* Sources */ = {
			isa = PBXSourcesBuildPhase;
			buildActionMask = 2147483647;
			files = (
				F781C7592024BEC90009B0D4 /* SizeRetrievable.swift in Sources */,
				F7A65DB12028BB3800F190CB /* SSLValidator.swift in Sources */,
				F781C75C2024C6490009B0D4 /* UnsafePointer+Extensions.swift in Sources */,
				F7A65DA120289EE400F190CB /* Data+Buffer.swift in Sources */,
				F7A65DAD2028B83C00F190CB /* SSLSettings.swift in Sources */,
				F7A65DA92028B17F00F190CB /* SSLCertificate.swift in Sources */,
				F781C7562024BC920009B0D4 /* CompressionStatus.swift in Sources */,
				F7A65D86202869B800F190CB /* Data+Compression.swift in Sources */,
				F7A65D9920288C7C00F190CB /* IOStream.swift in Sources */,
				F7A65D8D2028837600F190CB /* Data+SHA1.swift in Sources */,
				F7A65D9D2028942000F190CB /* Result.swift in Sources */,
				F7DB85182029B080009C3E0B /* SSLContextRetrievable.swift in Sources */,
				F7A65D952028868400F190CB /* Registry Models.swift in Sources */,
				F781C7372024B1080009B0D4 /* WebSocket.swift in Sources */,
				F7DB85142029B046009C3E0B /* Stream+SSLSettings.swift in Sources */,
				F7A65DA52028A9AC00F190CB /* Stream+SSLTrust.swift in Sources */,
				F7A65D912028850200F190CB /* String+Base64+SHA1.swift in Sources */,
			);
			runOnlyForDeploymentPostprocessing = 0;
		};
		F781C7382024B2670009B0D4 /* Sources */ = {
			isa = PBXSourcesBuildPhase;
			buildActionMask = 2147483647;
			files = (
				F7DB85192029B080009C3E0B /* SSLContextRetrievable.swift in Sources */,
				F7A65DAE2028B83C00F190CB /* SSLSettings.swift in Sources */,
				F7A65DA62028A9AC00F190CB /* Stream+SSLTrust.swift in Sources */,
				F7A65D87202869B800F190CB /* Data+Compression.swift in Sources */,
				F7A65DAA2028B17F00F190CB /* SSLCertificate.swift in Sources */,
				F781C73F2024B2670009B0D4 /* main.swift in Sources */,
				F7A65DB22028BB3800F190CB /* SSLValidator.swift in Sources */,
				F7A65D962028868400F190CB /* Registry Models.swift in Sources */,
				F7A65D922028850200F190CB /* String+Base64+SHA1.swift in Sources */,
				F7A65D8320285F4900F190CB /* WebSocket.swift in Sources */,
				F7DB85152029B046009C3E0B /* Stream+SSLSettings.swift in Sources */,
				F7A65D9A20288C7C00F190CB /* IOStream.swift in Sources */,
				F7A65D8120285F4900F190CB /* CompressionStatus.swift in Sources */,
				F7A65DA220289EE400F190CB /* Data+Buffer.swift in Sources */,
				F7A65D7F20285F4900F190CB /* UnsafePointer+Extensions.swift in Sources */,
				F7A65D8E2028837600F190CB /* Data+SHA1.swift in Sources */,
				F7A65D8020285F4900F190CB /* SizeRetrievable.swift in Sources */,
				F7A65D9E2028942000F190CB /* Result.swift in Sources */,
			);
			runOnlyForDeploymentPostprocessing = 0;
		};
/* End PBXSourcesBuildPhase section */

/* Begin XCBuildConfiguration section */
		F781C7102024AEED0009B0D4 /* Debug */ = {
			isa = XCBuildConfiguration;
			buildSettings = {
				ALWAYS_EMBED_SWIFT_STANDARD_LIBRARIES = NO;
				PRODUCT_NAME = "$(PROJECT_NAME)";
				SWIFT_INCLUDE_PATHS = "CZLib CommonCrypto";
			};
			name = Debug;
		};
		F781C7112024AEED0009B0D4 /* Release */ = {
			isa = XCBuildConfiguration;
			buildSettings = {
				ALWAYS_EMBED_SWIFT_STANDARD_LIBRARIES = NO;
				PRODUCT_NAME = "$(PROJECT_NAME)";
				SWIFT_INCLUDE_PATHS = "CZLib CommonCrypto";
			};
			name = Release;
		};
		F781C71E2024AF130009B0D4 /* Debug */ = {
			isa = XCBuildConfiguration;
			buildSettings = {
				ALWAYS_SEARCH_USER_PATHS = NO;
				CLANG_ANALYZER_NONNULL = YES;
				CLANG_ANALYZER_NUMBER_OBJECT_CONVERSION = YES_AGGRESSIVE;
				CLANG_CXX_LANGUAGE_STANDARD = "gnu++14";
				CLANG_CXX_LIBRARY = "libc++";
				CLANG_ENABLE_MODULES = YES;
				CLANG_ENABLE_OBJC_ARC = YES;
				CLANG_WARN_BLOCK_CAPTURE_AUTORELEASING = YES;
				CLANG_WARN_BOOL_CONVERSION = YES;
				CLANG_WARN_COMMA = YES;
				CLANG_WARN_CONSTANT_CONVERSION = YES;
				CLANG_WARN_DIRECT_OBJC_ISA_USAGE = YES_ERROR;
				CLANG_WARN_DOCUMENTATION_COMMENTS = YES;
				CLANG_WARN_EMPTY_BODY = YES;
				CLANG_WARN_ENUM_CONVERSION = YES;
				CLANG_WARN_INFINITE_RECURSION = YES;
				CLANG_WARN_INT_CONVERSION = YES;
				CLANG_WARN_NON_LITERAL_NULL_CONVERSION = YES;
				CLANG_WARN_OBJC_LITERAL_CONVERSION = YES;
				CLANG_WARN_OBJC_ROOT_CLASS = YES_ERROR;
				CLANG_WARN_RANGE_LOOP_ANALYSIS = YES;
				CLANG_WARN_STRICT_PROTOTYPES = YES;
				CLANG_WARN_SUSPICIOUS_MOVE = YES;
				CLANG_WARN_UNGUARDED_AVAILABILITY = YES_AGGRESSIVE;
				CLANG_WARN_UNREACHABLE_CODE = YES;
				CLANG_WARN__DUPLICATE_METHOD_MATCH = YES;
				CODE_SIGN_IDENTITY = "iPhone Developer";
				CODE_SIGN_STYLE = Automatic;
				COPY_PHASE_STRIP = NO;
				CURRENT_PROJECT_VERSION = 1;
				DEBUG_INFORMATION_FORMAT = dwarf;
				DEFINES_MODULE = YES;
				DEVELOPMENT_TEAM = "";
				DYLIB_COMPATIBILITY_VERSION = 1;
				DYLIB_CURRENT_VERSION = 1;
				DYLIB_INSTALL_NAME_BASE = "@rpath";
				ENABLE_STRICT_OBJC_MSGSEND = YES;
				ENABLE_TESTABILITY = YES;
				GCC_C_LANGUAGE_STANDARD = gnu11;
				GCC_DYNAMIC_NO_PIC = NO;
				GCC_NO_COMMON_BLOCKS = YES;
				GCC_OPTIMIZATION_LEVEL = 0;
				GCC_PREPROCESSOR_DEFINITIONS = (
					"DEBUG=1",
					"$(inherited)",
				);
				GCC_WARN_64_TO_32_BIT_CONVERSION = YES;
				GCC_WARN_ABOUT_RETURN_TYPE = YES_ERROR;
				GCC_WARN_UNDECLARED_SELECTOR = YES;
				GCC_WARN_UNINITIALIZED_AUTOS = YES_AGGRESSIVE;
				GCC_WARN_UNUSED_FUNCTION = YES;
				GCC_WARN_UNUSED_VARIABLE = YES;
				INFOPLIST_FILE = "$(SRCROOT)/Sources/Info-iOS.plist";
				INSTALL_PATH = "$(LOCAL_LIBRARY_DIR)/Frameworks";
				IPHONEOS_DEPLOYMENT_TARGET = 11.2;
				LD_RUNPATH_SEARCH_PATHS = "$(inherited) @executable_path/Frameworks @loader_path/Frameworks";
				MTL_ENABLE_DEBUG_INFO = YES;
				ONLY_ACTIVE_ARCH = YES;
				PRODUCT_BUNDLE_IDENTIFIER = "com.dialognet.$(PROJECT_NAME)";
				SDKROOT = iphoneos;
				SKIP_INSTALL = YES;
				SWIFT_ACTIVE_COMPILATION_CONDITIONS = DEBUG;
				SWIFT_OPTIMIZATION_LEVEL = "-Onone";
				SWIFT_VERSION = 4.0;
				TARGETED_DEVICE_FAMILY = "1,2";
				VERSIONING_SYSTEM = "apple-generic";
				VERSION_INFO_PREFIX = "";
			};
			name = Debug;
		};
		F781C71F2024AF130009B0D4 /* Release */ = {
			isa = XCBuildConfiguration;
			buildSettings = {
				ALWAYS_SEARCH_USER_PATHS = NO;
				CLANG_ANALYZER_NONNULL = YES;
				CLANG_ANALYZER_NUMBER_OBJECT_CONVERSION = YES_AGGRESSIVE;
				CLANG_CXX_LANGUAGE_STANDARD = "gnu++14";
				CLANG_CXX_LIBRARY = "libc++";
				CLANG_ENABLE_MODULES = YES;
				CLANG_ENABLE_OBJC_ARC = YES;
				CLANG_WARN_BLOCK_CAPTURE_AUTORELEASING = YES;
				CLANG_WARN_BOOL_CONVERSION = YES;
				CLANG_WARN_COMMA = YES;
				CLANG_WARN_CONSTANT_CONVERSION = YES;
				CLANG_WARN_DIRECT_OBJC_ISA_USAGE = YES_ERROR;
				CLANG_WARN_DOCUMENTATION_COMMENTS = YES;
				CLANG_WARN_EMPTY_BODY = YES;
				CLANG_WARN_ENUM_CONVERSION = YES;
				CLANG_WARN_INFINITE_RECURSION = YES;
				CLANG_WARN_INT_CONVERSION = YES;
				CLANG_WARN_NON_LITERAL_NULL_CONVERSION = YES;
				CLANG_WARN_OBJC_LITERAL_CONVERSION = YES;
				CLANG_WARN_OBJC_ROOT_CLASS = YES_ERROR;
				CLANG_WARN_RANGE_LOOP_ANALYSIS = YES;
				CLANG_WARN_STRICT_PROTOTYPES = YES;
				CLANG_WARN_SUSPICIOUS_MOVE = YES;
				CLANG_WARN_UNGUARDED_AVAILABILITY = YES_AGGRESSIVE;
				CLANG_WARN_UNREACHABLE_CODE = YES;
				CLANG_WARN__DUPLICATE_METHOD_MATCH = YES;
				CODE_SIGN_IDENTITY = "iPhone Developer";
				CODE_SIGN_STYLE = Automatic;
				COPY_PHASE_STRIP = NO;
				CURRENT_PROJECT_VERSION = 1;
				DEBUG_INFORMATION_FORMAT = "dwarf-with-dsym";
				DEFINES_MODULE = YES;
				DEVELOPMENT_TEAM = "";
				DYLIB_COMPATIBILITY_VERSION = 1;
				DYLIB_CURRENT_VERSION = 1;
				DYLIB_INSTALL_NAME_BASE = "@rpath";
				ENABLE_NS_ASSERTIONS = NO;
				ENABLE_STRICT_OBJC_MSGSEND = YES;
				GCC_C_LANGUAGE_STANDARD = gnu11;
				GCC_NO_COMMON_BLOCKS = YES;
				GCC_WARN_64_TO_32_BIT_CONVERSION = YES;
				GCC_WARN_ABOUT_RETURN_TYPE = YES_ERROR;
				GCC_WARN_UNDECLARED_SELECTOR = YES;
				GCC_WARN_UNINITIALIZED_AUTOS = YES_AGGRESSIVE;
				GCC_WARN_UNUSED_FUNCTION = YES;
				GCC_WARN_UNUSED_VARIABLE = YES;
				INFOPLIST_FILE = "$(SRCROOT)/Sources/Info-iOS.plist";
				INSTALL_PATH = "$(LOCAL_LIBRARY_DIR)/Frameworks";
				IPHONEOS_DEPLOYMENT_TARGET = 11.2;
				LD_RUNPATH_SEARCH_PATHS = "$(inherited) @executable_path/Frameworks @loader_path/Frameworks";
				MTL_ENABLE_DEBUG_INFO = NO;
				PRODUCT_BUNDLE_IDENTIFIER = "com.dialognet.$(PROJECT_NAME)";
				SDKROOT = iphoneos;
				SKIP_INSTALL = YES;
				SWIFT_OPTIMIZATION_LEVEL = "-Owholemodule";
				SWIFT_VERSION = 4.0;
				TARGETED_DEVICE_FAMILY = "1,2";
				VALIDATE_PRODUCT = YES;
				VERSIONING_SYSTEM = "apple-generic";
				VERSION_INFO_PREFIX = "";
			};
			name = Release;
		};
		F781C72B2024AF2D0009B0D4 /* Debug */ = {
			isa = XCBuildConfiguration;
			buildSettings = {
				ALWAYS_EMBED_SWIFT_STANDARD_LIBRARIES = NO;
				ALWAYS_SEARCH_USER_PATHS = NO;
				CLANG_ANALYZER_NONNULL = YES;
				CLANG_ANALYZER_NUMBER_OBJECT_CONVERSION = YES_AGGRESSIVE;
				CLANG_CXX_LANGUAGE_STANDARD = "gnu++14";
				CLANG_CXX_LIBRARY = "libc++";
				CLANG_ENABLE_MODULES = YES;
				CLANG_ENABLE_OBJC_ARC = YES;
				CLANG_WARN_BLOCK_CAPTURE_AUTORELEASING = YES;
				CLANG_WARN_BOOL_CONVERSION = YES;
				CLANG_WARN_COMMA = YES;
				CLANG_WARN_CONSTANT_CONVERSION = YES;
				CLANG_WARN_DIRECT_OBJC_ISA_USAGE = YES_ERROR;
				CLANG_WARN_DOCUMENTATION_COMMENTS = YES;
				CLANG_WARN_EMPTY_BODY = YES;
				CLANG_WARN_ENUM_CONVERSION = YES;
				CLANG_WARN_INFINITE_RECURSION = YES;
				CLANG_WARN_INT_CONVERSION = YES;
				CLANG_WARN_NON_LITERAL_NULL_CONVERSION = YES;
				CLANG_WARN_OBJC_LITERAL_CONVERSION = YES;
				CLANG_WARN_OBJC_ROOT_CLASS = YES_ERROR;
				CLANG_WARN_RANGE_LOOP_ANALYSIS = YES;
				CLANG_WARN_STRICT_PROTOTYPES = YES;
				CLANG_WARN_SUSPICIOUS_MOVE = YES;
				CLANG_WARN_UNGUARDED_AVAILABILITY = YES_AGGRESSIVE;
				CLANG_WARN_UNREACHABLE_CODE = YES;
				CLANG_WARN__DUPLICATE_METHOD_MATCH = YES;
				CODE_SIGN_IDENTITY = "Mac Developer";
				CODE_SIGN_STYLE = Automatic;
				COMBINE_HIDPI_IMAGES = YES;
				COPY_PHASE_STRIP = NO;
				CURRENT_PROJECT_VERSION = 1;
				DEBUG_INFORMATION_FORMAT = dwarf;
				DEFINES_MODULE = YES;
				DEVELOPMENT_TEAM = "";
				DYLIB_COMPATIBILITY_VERSION = 1;
				DYLIB_CURRENT_VERSION = 1;
				DYLIB_INSTALL_NAME_BASE = "@rpath";
				ENABLE_STRICT_OBJC_MSGSEND = YES;
				ENABLE_TESTABILITY = YES;
				FRAMEWORK_VERSION = A;
				GCC_C_LANGUAGE_STANDARD = gnu11;
				GCC_DYNAMIC_NO_PIC = NO;
				GCC_NO_COMMON_BLOCKS = YES;
				GCC_OPTIMIZATION_LEVEL = 0;
				GCC_PREPROCESSOR_DEFINITIONS = (
					"DEBUG=1",
					"$(inherited)",
				);
				GCC_WARN_64_TO_32_BIT_CONVERSION = YES;
				GCC_WARN_ABOUT_RETURN_TYPE = YES_ERROR;
				GCC_WARN_UNDECLARED_SELECTOR = YES;
				GCC_WARN_UNINITIALIZED_AUTOS = YES_AGGRESSIVE;
				GCC_WARN_UNUSED_FUNCTION = YES;
				GCC_WARN_UNUSED_VARIABLE = YES;
				INFOPLIST_FILE = "$(SRCROOT)/Sources/Info-macOS.plist";
				INSTALL_PATH = "$(LOCAL_LIBRARY_DIR)/Frameworks";
				LD_RUNPATH_SEARCH_PATHS = "$(inherited) @executable_path/Frameworks @loader_path/Frameworks";
				MACOSX_DEPLOYMENT_TARGET = 10.13;
				MTL_ENABLE_DEBUG_INFO = YES;
				ONLY_ACTIVE_ARCH = YES;
				PRODUCT_BUNDLE_IDENTIFIER = "com.dialognet.$(PROJECT_NAME)";
				SDKROOT = macosx;
				SKIP_INSTALL = YES;
				SWIFT_ACTIVE_COMPILATION_CONDITIONS = DEBUG;
				SWIFT_OPTIMIZATION_LEVEL = "-Onone";
				SWIFT_VERSION = 4.0;
				VERSIONING_SYSTEM = "apple-generic";
				VERSION_INFO_PREFIX = "";
			};
			name = Debug;
		};
		F781C72C2024AF2D0009B0D4 /* Release */ = {
			isa = XCBuildConfiguration;
			buildSettings = {
				ALWAYS_EMBED_SWIFT_STANDARD_LIBRARIES = NO;
				ALWAYS_SEARCH_USER_PATHS = NO;
				CLANG_ANALYZER_NONNULL = YES;
				CLANG_ANALYZER_NUMBER_OBJECT_CONVERSION = YES_AGGRESSIVE;
				CLANG_CXX_LANGUAGE_STANDARD = "gnu++14";
				CLANG_CXX_LIBRARY = "libc++";
				CLANG_ENABLE_MODULES = YES;
				CLANG_ENABLE_OBJC_ARC = YES;
				CLANG_WARN_BLOCK_CAPTURE_AUTORELEASING = YES;
				CLANG_WARN_BOOL_CONVERSION = YES;
				CLANG_WARN_COMMA = YES;
				CLANG_WARN_CONSTANT_CONVERSION = YES;
				CLANG_WARN_DIRECT_OBJC_ISA_USAGE = YES_ERROR;
				CLANG_WARN_DOCUMENTATION_COMMENTS = YES;
				CLANG_WARN_EMPTY_BODY = YES;
				CLANG_WARN_ENUM_CONVERSION = YES;
				CLANG_WARN_INFINITE_RECURSION = YES;
				CLANG_WARN_INT_CONVERSION = YES;
				CLANG_WARN_NON_LITERAL_NULL_CONVERSION = YES;
				CLANG_WARN_OBJC_LITERAL_CONVERSION = YES;
				CLANG_WARN_OBJC_ROOT_CLASS = YES_ERROR;
				CLANG_WARN_RANGE_LOOP_ANALYSIS = YES;
				CLANG_WARN_STRICT_PROTOTYPES = YES;
				CLANG_WARN_SUSPICIOUS_MOVE = YES;
				CLANG_WARN_UNGUARDED_AVAILABILITY = YES_AGGRESSIVE;
				CLANG_WARN_UNREACHABLE_CODE = YES;
				CLANG_WARN__DUPLICATE_METHOD_MATCH = YES;
				CODE_SIGN_IDENTITY = "Mac Developer";
				CODE_SIGN_STYLE = Automatic;
				COMBINE_HIDPI_IMAGES = YES;
				COPY_PHASE_STRIP = NO;
				CURRENT_PROJECT_VERSION = 1;
				DEBUG_INFORMATION_FORMAT = "dwarf-with-dsym";
				DEFINES_MODULE = YES;
				DEVELOPMENT_TEAM = "";
				DYLIB_COMPATIBILITY_VERSION = 1;
				DYLIB_CURRENT_VERSION = 1;
				DYLIB_INSTALL_NAME_BASE = "@rpath";
				ENABLE_NS_ASSERTIONS = NO;
				ENABLE_STRICT_OBJC_MSGSEND = YES;
				FRAMEWORK_VERSION = A;
				GCC_C_LANGUAGE_STANDARD = gnu11;
				GCC_NO_COMMON_BLOCKS = YES;
				GCC_WARN_64_TO_32_BIT_CONVERSION = YES;
				GCC_WARN_ABOUT_RETURN_TYPE = YES_ERROR;
				GCC_WARN_UNDECLARED_SELECTOR = YES;
				GCC_WARN_UNINITIALIZED_AUTOS = YES_AGGRESSIVE;
				GCC_WARN_UNUSED_FUNCTION = YES;
				GCC_WARN_UNUSED_VARIABLE = YES;
				INFOPLIST_FILE = "$(SRCROOT)/Sources/Info-macOS.plist";
				INSTALL_PATH = "$(LOCAL_LIBRARY_DIR)/Frameworks";
				LD_RUNPATH_SEARCH_PATHS = "$(inherited) @executable_path/Frameworks @loader_path/Frameworks";
				MACOSX_DEPLOYMENT_TARGET = 10.13;
				MTL_ENABLE_DEBUG_INFO = NO;
				PRODUCT_BUNDLE_IDENTIFIER = "com.dialognet.$(PROJECT_NAME)";
				SDKROOT = macosx;
				SKIP_INSTALL = YES;
				SWIFT_OPTIMIZATION_LEVEL = "-Owholemodule";
				SWIFT_VERSION = 4.0;
				VERSIONING_SYSTEM = "apple-generic";
				VERSION_INFO_PREFIX = "";
			};
			name = Release;
		};
		F781C7412024B2670009B0D4 /* Debug */ = {
			isa = XCBuildConfiguration;
			buildSettings = {
				ALWAYS_EMBED_SWIFT_STANDARD_LIBRARIES = NO;
				ALWAYS_SEARCH_USER_PATHS = NO;
				CLANG_ANALYZER_NONNULL = YES;
				CLANG_ANALYZER_NUMBER_OBJECT_CONVERSION = YES_AGGRESSIVE;
				CLANG_CXX_LANGUAGE_STANDARD = "gnu++14";
				CLANG_CXX_LIBRARY = "libc++";
				CLANG_ENABLE_MODULES = YES;
				CLANG_ENABLE_OBJC_ARC = YES;
				CLANG_WARN_BLOCK_CAPTURE_AUTORELEASING = YES;
				CLANG_WARN_BOOL_CONVERSION = YES;
				CLANG_WARN_COMMA = YES;
				CLANG_WARN_CONSTANT_CONVERSION = YES;
				CLANG_WARN_DIRECT_OBJC_ISA_USAGE = YES_ERROR;
				CLANG_WARN_DOCUMENTATION_COMMENTS = YES;
				CLANG_WARN_EMPTY_BODY = YES;
				CLANG_WARN_ENUM_CONVERSION = YES;
				CLANG_WARN_INFINITE_RECURSION = YES;
				CLANG_WARN_INT_CONVERSION = YES;
				CLANG_WARN_NON_LITERAL_NULL_CONVERSION = YES;
				CLANG_WARN_OBJC_LITERAL_CONVERSION = YES;
				CLANG_WARN_OBJC_ROOT_CLASS = YES_ERROR;
				CLANG_WARN_RANGE_LOOP_ANALYSIS = YES;
				CLANG_WARN_STRICT_PROTOTYPES = YES;
				CLANG_WARN_SUSPICIOUS_MOVE = YES;
				CLANG_WARN_UNGUARDED_AVAILABILITY = YES_AGGRESSIVE;
				CLANG_WARN_UNREACHABLE_CODE = YES;
				CLANG_WARN__DUPLICATE_METHOD_MATCH = YES;
				CODE_SIGN_IDENTITY = "Mac Developer";
				CODE_SIGN_STYLE = Automatic;
				COPY_PHASE_STRIP = NO;
				DEBUG_INFORMATION_FORMAT = dwarf;
				DEVELOPMENT_TEAM = XN4R59V3UY;
				ENABLE_STRICT_OBJC_MSGSEND = YES;
				ENABLE_TESTABILITY = YES;
				GCC_C_LANGUAGE_STANDARD = gnu11;
				GCC_DYNAMIC_NO_PIC = NO;
				GCC_NO_COMMON_BLOCKS = YES;
				GCC_OPTIMIZATION_LEVEL = 0;
				GCC_PREPROCESSOR_DEFINITIONS = (
					"DEBUG=1",
					"$(inherited)",
				);
				GCC_WARN_64_TO_32_BIT_CONVERSION = YES;
				GCC_WARN_ABOUT_RETURN_TYPE = YES_ERROR;
				GCC_WARN_UNDECLARED_SELECTOR = YES;
				GCC_WARN_UNINITIALIZED_AUTOS = YES_AGGRESSIVE;
				GCC_WARN_UNUSED_FUNCTION = YES;
				GCC_WARN_UNUSED_VARIABLE = YES;
				MACOSX_DEPLOYMENT_TARGET = 10.13;
				MTL_ENABLE_DEBUG_INFO = YES;
				ONLY_ACTIVE_ARCH = YES;
				PRODUCT_NAME = "$(TARGET_NAME)";
				SDKROOT = macosx;
				SWIFT_ACTIVE_COMPILATION_CONDITIONS = DEBUG;
				SWIFT_OPTIMIZATION_LEVEL = "-Onone";
				SWIFT_VERSION = 4.0;
			};
			name = Debug;
		};
		F781C7422024B2670009B0D4 /* Release */ = {
			isa = XCBuildConfiguration;
			buildSettings = {
				ALWAYS_EMBED_SWIFT_STANDARD_LIBRARIES = NO;
				ALWAYS_SEARCH_USER_PATHS = NO;
				CLANG_ANALYZER_NONNULL = YES;
				CLANG_ANALYZER_NUMBER_OBJECT_CONVERSION = YES_AGGRESSIVE;
				CLANG_CXX_LANGUAGE_STANDARD = "gnu++14";
				CLANG_CXX_LIBRARY = "libc++";
				CLANG_ENABLE_MODULES = YES;
				CLANG_ENABLE_OBJC_ARC = YES;
				CLANG_WARN_BLOCK_CAPTURE_AUTORELEASING = YES;
				CLANG_WARN_BOOL_CONVERSION = YES;
				CLANG_WARN_COMMA = YES;
				CLANG_WARN_CONSTANT_CONVERSION = YES;
				CLANG_WARN_DIRECT_OBJC_ISA_USAGE = YES_ERROR;
				CLANG_WARN_DOCUMENTATION_COMMENTS = YES;
				CLANG_WARN_EMPTY_BODY = YES;
				CLANG_WARN_ENUM_CONVERSION = YES;
				CLANG_WARN_INFINITE_RECURSION = YES;
				CLANG_WARN_INT_CONVERSION = YES;
				CLANG_WARN_NON_LITERAL_NULL_CONVERSION = YES;
				CLANG_WARN_OBJC_LITERAL_CONVERSION = YES;
				CLANG_WARN_OBJC_ROOT_CLASS = YES_ERROR;
				CLANG_WARN_RANGE_LOOP_ANALYSIS = YES;
				CLANG_WARN_STRICT_PROTOTYPES = YES;
				CLANG_WARN_SUSPICIOUS_MOVE = YES;
				CLANG_WARN_UNGUARDED_AVAILABILITY = YES_AGGRESSIVE;
				CLANG_WARN_UNREACHABLE_CODE = YES;
				CLANG_WARN__DUPLICATE_METHOD_MATCH = YES;
				CODE_SIGN_IDENTITY = "Mac Developer";
				CODE_SIGN_STYLE = Automatic;
				COPY_PHASE_STRIP = NO;
				DEBUG_INFORMATION_FORMAT = "dwarf-with-dsym";
				DEVELOPMENT_TEAM = XN4R59V3UY;
				ENABLE_NS_ASSERTIONS = NO;
				ENABLE_STRICT_OBJC_MSGSEND = YES;
				GCC_C_LANGUAGE_STANDARD = gnu11;
				GCC_NO_COMMON_BLOCKS = YES;
				GCC_WARN_64_TO_32_BIT_CONVERSION = YES;
				GCC_WARN_ABOUT_RETURN_TYPE = YES_ERROR;
				GCC_WARN_UNDECLARED_SELECTOR = YES;
				GCC_WARN_UNINITIALIZED_AUTOS = YES_AGGRESSIVE;
				GCC_WARN_UNUSED_FUNCTION = YES;
				GCC_WARN_UNUSED_VARIABLE = YES;
				MACOSX_DEPLOYMENT_TARGET = 10.13;
				MTL_ENABLE_DEBUG_INFO = NO;
				PRODUCT_NAME = "$(TARGET_NAME)";
				SDKROOT = macosx;
				SWIFT_OPTIMIZATION_LEVEL = "-Owholemodule";
				SWIFT_VERSION = 4.0;
			};
			name = Release;
		};
/* End XCBuildConfiguration section */

/* Begin XCConfigurationList section */
		F781C70F2024AEED0009B0D4 /* Build configuration list for PBXProject "DNWebSocket" */ = {
			isa = XCConfigurationList;
			buildConfigurations = (
				F781C7102024AEED0009B0D4 /* Debug */,
				F781C7112024AEED0009B0D4 /* Release */,
			);
			defaultConfigurationIsVisible = 0;
			defaultConfigurationName = Release;
		};
		F781C71D2024AF130009B0D4 /* Build configuration list for PBXNativeTarget "DNWebSocket-iOS" */ = {
			isa = XCConfigurationList;
			buildConfigurations = (
				F781C71E2024AF130009B0D4 /* Debug */,
				F781C71F2024AF130009B0D4 /* Release */,
			);
			defaultConfigurationIsVisible = 0;
			defaultConfigurationName = Release;
		};
		F781C72A2024AF2D0009B0D4 /* Build configuration list for PBXNativeTarget "DNWebSocket-macOS" */ = {
			isa = XCConfigurationList;
			buildConfigurations = (
				F781C72B2024AF2D0009B0D4 /* Debug */,
				F781C72C2024AF2D0009B0D4 /* Release */,
			);
			defaultConfigurationIsVisible = 0;
			defaultConfigurationName = Release;
		};
		F781C7402024B2670009B0D4 /* Build configuration list for PBXNativeTarget "Example" */ = {
			isa = XCConfigurationList;
			buildConfigurations = (
				F781C7412024B2670009B0D4 /* Debug */,
				F781C7422024B2670009B0D4 /* Release */,
			);
			defaultConfigurationIsVisible = 0;
			defaultConfigurationName = Release;
		};
/* End XCConfigurationList section */
	};
	rootObject = F781C70C2024AEED0009B0D4 /* Project object */;
}
